
Microsoft Visual Studio Solution File, Format Version 12.00
# Visual Studio Version 17
VisualStudioVersion = 17.0.31717.71
MinimumVisualStudioVersion = 10.0.40219.1
Project("{9A19103F-16F7-4668-BE54-9A1E7A4F7556}") = "ThreeDiamonds", "ThreeDiamonds.csproj", "{CD8BB4B2-D179-4C0B-B7BF-FEBA867285E1}"
EndProject
Global
	GlobalSection(SolutionConfigurationPlatforms) = preSolution
		Debug|Any CPU = Debug|Any CPU
		Release|Any CPU = Release|Any CPU
	EndGlobalSection
	GlobalSection(ProjectConfigurationPlatforms) = postSolution
		{CD8BB4B2-D179-4C0B-B7BF-FEBA867285E1}.Debug|Any CPU.ActiveCfg = Debug|Any CPU
		{CD8BB4B2-D179-4C0B-B7BF-FEBA867285E1}.Debug|Any CPU.Build.0 = Debug|Any CPU
		{CD8BB4B2-D179-4C0B-B7BF-FEBA867285E1}.Release|Any CPU.ActiveCfg = Release|Any CPU
		{CD8BB4B2-D179-4C0B-B7BF-FEBA867285E1}.Release|Any CPU.Build.0 = Release|Any CPU
	EndGlobalSection
	GlobalSection(SolutionProperties) = preSolution
		HideSolutionNode = FALSE
	EndGlobalSection
	GlobalSection(ExtensibilityGlobals) = postSolution
		SolutionGuid = {14DD24DD-3D54-4153-A5D8-BE0A4698EBFD}
	EndGlobalSection
EndGlobal